
Microsoft Visual Studio Solution File, Format Version 12.00
# Visual Studio Version 17
VisualStudioVersion = 17.0.31903.59
MinimumVisualStudioVersion = 10.0.40219.1
Project("{FAE04EC0-301F-11D3-BF4B-00C04F79EFBC}") = "ConShield.Contracts", "src\ConShield.Contracts\ConShield.Contracts.csproj", "{6FBDB8B5-E8EA-47E2-8487-0502962F1701}"
EndProject
Project("{FAE04EC0-301F-11D3-BF4B-00C04F79EFBC}") = "ConShield.Data", "src\ConShield.Data\ConShield.Data.csproj", "{2068080B-07C5-4E73-A595-D217BA40791B}"
EndProject
Project("{FAE04EC0-301F-11D3-BF4B-00C04F79EFBC}") = "ConShield.SecurityEvents", "src\ConShield.SecurityEvents\ConShield.SecurityEvents.csproj", "{6D9B2DAF-4D1C-4FD3-9695-E9C305C0ECEC}"
EndProject
Project("{FAE04EC0-301F-11D3-BF4B-00C04F79EFBC}") = "ConShield.Application", "src\ConShield.Application\ConShield.Application.csproj", "{A25B70F9-4A1C-46F2-8E0B-94A5198AFB86}"
EndProject
Project("{FAE04EC0-301F-11D3-BF4B-00C04F79EFBC}") = "ConShield.Web", "src\ConShield.Web\ConShield.Web.csproj", "{0F921C84-0C44-4C70-A7AA-ED9964D6A703}"
EndProject
Project("{2150E333-8FDC-42A3-9474-1A3956D46DE8}") = "tests", "tests", "{0AB3BF05-4346-4AA6-1389-037BE0695223}"
EndProject
Project("{FAE04EC0-301F-11D3-BF4B-00C04F79EFBC}") = "ConShield.Tests", "tests\ConShield.Tests\ConShield.Tests.csproj", "{241C13C8-A5BF-48BA-B838-F4AAEB0C5123}"
EndProject
Project("{2150E333-8FDC-42A3-9474-1A3956D46DE8}") = "src", "src", "{827E0CD3-B72D-47B6-A68D-7590B98EB39B}"
EndProject
Project("{FAE04EC0-301F-11D3-BF4B-00C04F79EFBC}") = "ConShield.Collector", "src\ConShield.Collector\ConShield.Collector.csproj", "{F47F680A-DF87-4A73-85D8-ACD6905FA95A}"
EndProject
Project("{FAE04EC0-301F-11D3-BF4B-00C04F79EFBC}") = "ConShield.ImageScanner", "src\ConShield.ImageScanner\ConShield.ImageScanner.csproj", "{9C124D75-3F7B-48AF-B280-4D92B7F7CF53}"
EndProject
Project("{FAE04EC0-301F-11D3-BF4B-00C04F79EFBC}") = "ConShield.ContainerPolicy", "src\ConShield.ContainerPolicy\ConShield.ContainerPolicy.csproj", "{D06AA05B-EEF6-4D58-A71E-B6EB25E0E34B}"
EndProject
Project("{FAE04EC0-301F-11D3-BF4B-00C04F79EFBC}") = "ConShield.EventPipeline", "src\ConShield.EventPipeline\ConShield.EventPipeline.csproj", "{36BF425F-D8AB-4C52-99BC-B8125AC2DD4C}"
EndProject
Project("{FAE04EC0-301F-11D3-BF4B-00C04F79EFBC}") = "ConShield.EventConsumer", "src\ConShield.EventConsumer\ConShield.EventConsumer.csproj", "{02542BA9-8724-4732-8664-C33D26134742}"
EndProject
Project("{FAE04EC0-301F-11D3-BF4B-00C04F79EFBC}") = "ConShield.MongoProjection", "src\ConShield.MongoProjection\ConShield.MongoProjection.csproj", "{2477F163-AD33-4B82-87B6-5EBDF0EDF4EC}"
EndProject
Project("{FAE04EC0-301F-11D3-BF4B-00C04F79EFBC}") = "ConShield.RuntimeDetection", "src\ConShield.RuntimeDetection\ConShield.RuntimeDetection.csproj", "{D25A4A34-2E87-4EA9-B957-4AAD288EC4B0}"
EndProject
Project("{FAE04EC0-301F-11D3-BF4B-00C04F79EFBC}") = "ConShield.RuntimeCollector", "src\ConShield.RuntimeCollector\ConShield.RuntimeCollector.csproj", "{55CA3AFD-D5AE-4A10-BB05-AA39BBDC80F9}"
EndProject
Global
	GlobalSection(SolutionConfigurationPlatforms) = preSolution
		Debug|Any CPU = Debug|Any CPU
		Debug|x64 = Debug|x64
		Debug|x86 = Debug|x86
		Release|Any CPU = Release|Any CPU
		Release|x64 = Release|x64
		Release|x86 = Release|x86
	EndGlobalSection
	GlobalSection(ProjectConfigurationPlatforms) = postSolution
		{6FBDB8B5-E8EA-47E2-8487-0502962F1701}.Debug|Any CPU.ActiveCfg = Debug|Any CPU
		{6FBDB8B5-E8EA-47E2-8487-0502962F1701}.Debug|Any CPU.Build.0 = Debug|Any CPU
		{6FBDB8B5-E8EA-47E2-8487-0502962F1701}.Debug|x64.ActiveCfg = Debug|Any CPU
		{6FBDB8B5-E8EA-47E2-8487-0502962F1701}.Debug|x64.Build.0 = Debug|Any CPU
		{6FBDB8B5-E8EA-47E2-8487-0502962F1701}.Debug|x86.ActiveCfg = Debug|Any CPU
		{6FBDB8B5-E8EA-47E2-8487-0502962F1701}.Debug|x86.Build.0 = Debug|Any CPU
		{6FBDB8B5-E8EA-47E2-8487-0502962F1701}.Release|Any CPU.ActiveCfg = Release|Any CPU
		{6FBDB8B5-E8EA-47E2-8487-0502962F1701}.Release|Any CPU.Build.0 = Release|Any CPU
		{6FBDB8B5-E8EA-47E2-8487-0502962F1701}.Release|x64.ActiveCfg = Release|Any CPU
		{6FBDB8B5-E8EA-47E2-8487-0502962F1701}.Release|x64.Build.0 = Release|Any CPU
		{6FBDB8B5-E8EA-47E2-8487-0502962F1701}.Release|x86.ActiveCfg = Release|Any CPU
		{6FBDB8B5-E8EA-47E2-8487-0502962F1701}.Release|x86.Build.0 = Release|Any CPU
		{2068080B-07C5-4E73-A595-D217BA40791B}.Debug|Any CPU.ActiveCfg = Debug|Any CPU
		{2068080B-07C5-4E73-A595-D217BA40791B}.Debug|Any CPU.Build.0 = Debug|Any CPU
		{2068080B-07C5-4E73-A595-D217BA40791B}.Debug|x64.ActiveCfg = Debug|Any CPU
		{2068080B-07C5-4E73-A595-D217BA40791B}.Debug|x64.Build.0 = Debug|Any CPU
		{2068080B-07C5-4E73-A595-D217BA40791B}.Debug|x86.ActiveCfg = Debug|Any CPU
		{2068080B-07C5-4E73-A595-D217BA40791B}.Debug|x86.Build.0 = Debug|Any CPU
		{2068080B-07C5-4E73-A595-D217BA40791B}.Release|Any CPU.ActiveCfg = Release|Any CPU
		{2068080B-07C5-4E73-A595-D217BA40791B}.Release|Any CPU.Build.0 = Release|Any CPU
		{2068080B-07C5-4E73-A595-D217BA40791B}.Release|x64.ActiveCfg = Release|Any CPU
		{2068080B-07C5-4E73-A595-D217BA40791B}.Release|x64.Build.0 = Release|Any CPU
		{2068080B-07C5-4E73-A595-D217BA40791B}.Release|x86.ActiveCfg = Release|Any CPU
		{2068080B-07C5-4E73-A595-D217BA40791B}.Release|x86.Build.0 = Release|Any CPU
		{6D9B2DAF-4D1C-4FD3-9695-E9C305C0ECEC}.Debug|Any CPU.ActiveCfg = Debug|Any CPU
		{6D9B2DAF-4D1C-4FD3-9695-E9C305C0ECEC}.Debug|Any CPU.Build.0 = Debug|Any CPU
		{6D9B2DAF-4D1C-4FD3-9695-E9C305C0ECEC}.Debug|x64.ActiveCfg = Debug|Any CPU
		{6D9B2DAF-4D1C-4FD3-9695-E9C305C0ECEC}.Debug|x64.Build.0 = Debug|Any CPU
		{6D9B2DAF-4D1C-4FD3-9695-E9C305C0ECEC}.Debug|x86.ActiveCfg = Debug|Any CPU
		{6D9B2DAF-4D1C-4FD3-9695-E9C305C0ECEC}.Debug|x86.Build.0 = Debug|Any CPU
		{6D9B2DAF-4D1C-4FD3-9695-E9C305C0ECEC}.Release|Any CPU.ActiveCfg = Release|Any CPU
		{6D9B2DAF-4D1C-4FD3-9695-E9C305C0ECEC}.Release|Any CPU.Build.0 = Release|Any CPU
		{6D9B2DAF-4D1C-4FD3-9695-E9C305C0ECEC}.Release|x64.ActiveCfg = Release|Any CPU
		{6D9B2DAF-4D1C-4FD3-9695-E9C305C0ECEC}.Release|x64.Build.0 = Release|Any CPU
		{6D9B2DAF-4D1C-4FD3-9695-E9C305C0ECEC}.Release|x86.ActiveCfg = Release|Any CPU
		{6D9B2DAF-4D1C-4FD3-9695-E9C305C0ECEC}.Release|x86.Build.0 = Release|Any CPU
		{A25B70F9-4A1C-46F2-8E0B-94A5198AFB86}.Debug|Any CPU.ActiveCfg = Debug|Any CPU
		{A25B70F9-4A1C-46F2-8E0B-94A5198AFB86}.Debug|Any CPU.Build.0 = Debug|Any CPU
		{A25B70F9-4A1C-46F2-8E0B-94A5198AFB86}.Debug|x64.ActiveCfg = Debug|Any CPU
		{A25B70F9-4A1C-46F2-8E0B-94A5198AFB86}.Debug|x64.Build.0 = Debug|Any CPU
		{A25B70F9-4A1C-46F2-8E0B-94A5198AFB86}.Debug|x86.ActiveCfg = Debug|Any CPU
		{A25B70F9-4A1C-46F2-8E0B-94A5198AFB86}.Debug|x86.Build.0 = Debug|Any CPU
		{A25B70F9-4A1C-46F2-8E0B-94A5198AFB86}.Release|Any CPU.ActiveCfg = Release|Any CPU
		{A25B70F9-4A1C-46F2-8E0B-94A5198AFB86}.Release|Any CPU.Build.0 = Release|Any CPU
		{A25B70F9-4A1C-46F2-8E0B-94A5198AFB86}.Release|x64.ActiveCfg = Release|Any CPU
		{A25B70F9-4A1C-46F2-8E0B-94A5198AFB86}.Release|x64.Build.0 = Release|Any CPU
		{A25B70F9-4A1C-46F2-8E0B-94A5198AFB86}.Release|x86.ActiveCfg = Release|Any CPU
		{A25B70F9-4A1C-46F2-8E0B-94A5198AFB86}.Release|x86.Build.0 = Release|Any CPU
		{0F921C84-0C44-4C70-A7AA-ED9964D6A703}.Debug|Any CPU.ActiveCfg = Debug|Any CPU
		{0F921C84-0C44-4C70-A7AA-ED9964D6A703}.Debug|Any CPU.Build.0 = Debug|Any CPU
		{0F921C84-0C44-4C70-A7AA-ED9964D6A703}.Debug|x64.ActiveCfg = Debug|Any CPU
		{0F921C84-0C44-4C70-A7AA-ED9964D6A703}.Debug|x64.Build.0 = Debug|Any CPU
		{0F921C84-0C44-4C70-A7AA-ED9964D6A703}.Debug|x86.ActiveCfg = Debug|Any CPU
		{0F921C84-0C44-4C70-A7AA-ED9964D6A703}.Debug|x86.Build.0 = Debug|Any CPU
		{0F921C84-0C44-4C70-A7AA-ED9964D6A703}.Release|Any CPU.ActiveCfg = Release|Any CPU
		{0F921C84-0C44-4C70-A7AA-ED9964D6A703}.Release|Any CPU.Build.0 = Release|Any CPU
		{0F921C84-0C44-4C70-A7AA-ED9964D6A703}.Release|x64.ActiveCfg = Release|Any CPU
		{0F921C84-0C44-4C70-A7AA-ED9964D6A703}.Release|x64.Build.0 = Release|Any CPU
		{0F921C84-0C44-4C70-A7AA-ED9964D6A703}.Release|x86.ActiveCfg = Release|Any CPU
		{0F921C84-0C44-4C70-A7AA-ED9964D6A703}.Release|x86.Build.0 = Release|Any CPU
		{241C13C8-A5BF-48BA-B838-F4AAEB0C5123}.Debug|Any CPU.ActiveCfg = Debug|Any CPU
		{241C13C8-A5BF-48BA-B838-F4AAEB0C5123}.Debug|Any CPU.Build.0 = Debug|Any CPU
		{241C13C8-A5BF-48BA-B838-F4AAEB0C5123}.Debug|x64.ActiveCfg = Debug|Any CPU
		{241C13C8-A5BF-48BA-B838-F4AAEB0C5123}.Debug|x64.Build.0 = Debug|Any CPU
		{241C13C8-A5BF-48BA-B838-F4AAEB0C5123}.Debug|x86.ActiveCfg = Debug|Any CPU
		{241C13C8-A5BF-48BA-B838-F4AAEB0C5123}.Debug|x86.Build.0 = Debug|Any CPU
		{241C13C8-A5BF-48BA-B838-F4AAEB0C5123}.Release|Any CPU.ActiveCfg = Release|Any CPU
		{241C13C8-A5BF-48BA-B838-F4AAEB0C5123}.Release|Any CPU.Build.0 = Release|Any CPU
		{241C13C8-A5BF-48BA-B838-F4AAEB0C5123}.Release|x64.ActiveCfg = Release|Any CPU
		{241C13C8-A5BF-48BA-B838-F4AAEB0C5123}.Release|x64.Build.0 = Release|Any CPU
		{241C13C8-A5BF-48BA-B838-F4AAEB0C5123}.Release|x86.ActiveCfg = Release|Any CPU
		{241C13C8-A5BF-48BA-B838-F4AAEB0C5123}.Release|x86.Build.0 = Release|Any CPU
		{F47F680A-DF87-4A73-85D8-ACD6905FA95A}.Debug|Any CPU.ActiveCfg = Debug|Any CPU
		{F47F680A-DF87-4A73-85D8-ACD6905FA95A}.Debug|Any CPU.Build.0 = Debug|Any CPU
		{F47F680A-DF87-4A73-85D8-ACD6905FA95A}.Debug|x64.ActiveCfg = Debug|Any CPU
		{F47F680A-DF87-4A73-85D8-ACD6905FA95A}.Debug|x64.Build.0 = Debug|Any CPU
		{F47F680A-DF87-4A73-85D8-ACD6905FA95A}.Debug|x86.ActiveCfg = Debug|Any CPU
		{F47F680A-DF87-4A73-85D8-ACD6905FA95A}.Debug|x86.Build.0 = Debug|Any CPU
		{F47F680A-DF87-4A73-85D8-ACD6905FA95A}.Release|Any CPU.ActiveCfg = Release|Any CPU
		{F47F680A-DF87-4A73-85D8-ACD6905FA95A}.Release|Any CPU.Build.0 = Release|Any CPU
		{F47F680A-DF87-4A73-85D8-ACD6905FA95A}.Release|x64.ActiveCfg = Release|Any CPU
		{F47F680A-DF87-4A73-85D8-ACD6905FA95A}.Release|x64.Build.0 = Release|Any CPU
		{F47F680A-DF87-4A73-85D8-ACD6905FA95A}.Release|x86.ActiveCfg = Release|Any CPU
		{F47F680A-DF87-4A73-85D8-ACD6905FA95A}.Release|x86.Build.0 = Release|Any CPU
		{9C124D75-3F7B-48AF-B280-4D92B7F7CF53}.Debug|Any CPU.ActiveCfg = Debug|Any CPU
		{9C124D75-3F7B-48AF-B280-4D92B7F7CF53}.Debug|Any CPU.Build.0 = Debug|Any CPU
		{9C124D75-3F7B-48AF-B280-4D92B7F7CF53}.Debug|x64.ActiveCfg = Debug|Any CPU
		{9C124D75-3F7B-48AF-B280-4D92B7F7CF53}.Debug|x64.Build.0 = Debug|Any CPU
		{9C124D75-3F7B-48AF-B280-4D92B7F7CF53}.Debug|x86.ActiveCfg = Debug|Any CPU
		{9C124D75-3F7B-48AF-B280-4D92B7F7CF53}.Debug|x86.Build.0 = Debug|Any CPU
		{9C124D75-3F7B-48AF-B280-4D92B7F7CF53}.Release|Any CPU.ActiveCfg = Release|Any CPU
		{9C124D75-3F7B-48AF-B280-4D92B7F7CF53}.Release|Any CPU.Build.0 = Release|Any CPU
		{9C124D75-3F7B-48AF-B280-4D92B7F7CF53}.Release|x64.ActiveCfg = Release|Any CPU
		{9C124D75-3F7B-48AF-B280-4D92B7F7CF53}.Release|x64.Build.0 = Release|Any CPU
		{9C124D75-3F7B-48AF-B280-4D92B7F7CF53}.Release|x86.ActiveCfg = Release|Any CPU
		{9C124D75-3F7B-48AF-B280-4D92B7F7CF53}.Release|x86.Build.0 = Release|Any CPU
		{D06AA05B-EEF6-4D58-A71E-B6EB25E0E34B}.Debug|Any CPU.ActiveCfg = Debug|Any CPU
		{D06AA05B-EEF6-4D58-A71E-B6EB25E0E34B}.Debug|Any CPU.Build.0 = Debug|Any CPU
		{D06AA05B-EEF6-4D58-A71E-B6EB25E0E34B}.Debug|x64.ActiveCfg = Debug|Any CPU
		{D06AA05B-EEF6-4D58-A71E-B6EB25E0E34B}.Debug|x64.Build.0 = Debug|Any CPU
		{D06AA05B-EEF6-4D58-A71E-B6EB25E0E34B}.Debug|x86.ActiveCfg = Debug|Any CPU
		{D06AA05B-EEF6-4D58-A71E-B6EB25E0E34B}.Debug|x86.Build.0 = Debug|Any CPU
		{D06AA05B-EEF6-4D58-A71E-B6EB25E0E34B}.Release|Any CPU.ActiveCfg = Release|Any CPU
		{D06AA05B-EEF6-4D58-A71E-B6EB25E0E34B}.Release|Any CPU.Build.0 = Release|Any CPU
		{D06AA05B-EEF6-4D58-A71E-B6EB25E0E34B}.Release|x64.ActiveCfg = Release|Any CPU
		{D06AA05B-EEF6-4D58-A71E-B6EB25E0E34B}.Release|x64.Build.0 = Release|Any CPU
		{D06AA05B-EEF6-4D58-A71E-B6EB25E0E34B}.Release|x86.ActiveCfg = Release|Any CPU
		{D06AA05B-EEF6-4D58-A71E-B6EB25E0E34B}.Release|x86.Build.0 = Release|Any CPU
		{36BF425F-D8AB-4C52-99BC-B8125AC2DD4C}.Debug|Any CPU.ActiveCfg = Debug|Any CPU
		{36BF425F-D8AB-4C52-99BC-B8125AC2DD4C}.Debug|Any CPU.Build.0 = Debug|Any CPU
		{36BF425F-D8AB-4C52-99BC-B8125AC2DD4C}.Debug|x64.ActiveCfg = Debug|Any CPU
		{36BF425F-D8AB-4C52-99BC-B8125AC2DD4C}.Debug|x64.Build.0 = Debug|Any CPU
		{36BF425F-D8AB-4C52-99BC-B8125AC2DD4C}.Debug|x86.ActiveCfg = Debug|Any CPU
		{36BF425F-D8AB-4C52-99BC-B8125AC2DD4C}.Debug|x86.Build.0 = Debug|Any CPU
		{36BF425F-D8AB-4C52-99BC-B8125AC2DD4C}.Release|Any CPU.ActiveCfg = Release|Any CPU
		{36BF425F-D8AB-4C52-99BC-B8125AC2DD4C}.Release|Any CPU.Build.0 = Release|Any CPU
		{36BF425F-D8AB-4C52-99BC-B8125AC2DD4C}.Release|x64.ActiveCfg = Release|Any CPU
		{36BF425F-D8AB-4C52-99BC-B8125AC2DD4C}.Release|x64.Build.0 = Release|Any CPU
		{36BF425F-D8AB-4C52-99BC-B8125AC2DD4C}.Release|x86.ActiveCfg = Release|Any CPU
		{36BF425F-D8AB-4C52-99BC-B8125AC2DD4C}.Release|x86.Build.0 = Release|Any CPU
		{02542BA9-8724-4732-8664-C33D26134742}.Debug|Any CPU.ActiveCfg = Debug|Any CPU
		{02542BA9-8724-4732-8664-C33D26134742}.Debug|Any CPU.Build.0 = Debug|Any CPU
		{02542BA9-8724-4732-8664-C33D26134742}.Debug|x64.ActiveCfg = Debug|Any CPU
		{02542BA9-8724-4732-8664-C33D26134742}.Debug|x64.Build.0 = Debug|Any CPU
		{02542BA9-8724-4732-8664-C33D26134742}.Debug|x86.ActiveCfg = Debug|Any CPU
		{02542BA9-8724-4732-8664-C33D26134742}.Debug|x86.Build.0 = Debug|Any CPU
		{02542BA9-8724-4732-8664-C33D26134742}.Release|Any CPU.ActiveCfg = Release|Any CPU
		{02542BA9-8724-4732-8664-C33D26134742}.Release|Any CPU.Build.0 = Release|Any CPU
		{02542BA9-8724-4732-8664-C33D26134742}.Release|x64.ActiveCfg = Release|Any CPU
		{02542BA9-8724-4732-8664-C33D26134742}.Release|x64.Build.0 = Release|Any CPU
		{02542BA9-8724-4732-8664-C33D26134742}.Release|x86.ActiveCfg = Release|Any CPU
		{02542BA9-8724-4732-8664-C33D26134742}.Release|x86.Build.0 = Release|Any CPU
		{2477F163-AD33-4B82-87B6-5EBDF0EDF4EC}.Debug|Any CPU.ActiveCfg = Debug|Any CPU
		{2477F163-AD33-4B82-87B6-5EBDF0EDF4EC}.Debug|Any CPU.Build.0 = Debug|Any CPU
		{2477F163-AD33-4B82-87B6-5EBDF0EDF4EC}.Debug|x64.ActiveCfg = Debug|Any CPU
		{2477F163-AD33-4B82-87B6-5EBDF0EDF4EC}.Debug|x64.Build.0 = Debug|Any CPU
		{2477F163-AD33-4B82-87B6-5EBDF0EDF4EC}.Debug|x86.ActiveCfg = Debug|Any CPU
		{2477F163-AD33-4B82-87B6-5EBDF0EDF4EC}.Debug|x86.Build.0 = Debug|Any CPU
		{2477F163-AD33-4B82-87B6-5EBDF0EDF4EC}.Release|Any CPU.ActiveCfg = Release|Any CPU
		{2477F163-AD33-4B82-87B6-5EBDF0EDF4EC}.Release|Any CPU.Build.0 = Release|Any CPU
		{2477F163-AD33-4B82-87B6-5EBDF0EDF4EC}.Release|x64.ActiveCfg = Release|Any CPU
		{2477F163-AD33-4B82-87B6-5EBDF0EDF4EC}.Release|x64.Build.0 = Release|Any CPU
		{2477F163-AD33-4B82-87B6-5EBDF0EDF4EC}.Release|x86.ActiveCfg = Release|Any CPU
		{2477F163-AD33-4B82-87B6-5EBDF0EDF4EC}.Release|x86.Build.0 = Release|Any CPU
		{D25A4A34-2E87-4EA9-B957-4AAD288EC4B0}.Debug|Any CPU.ActiveCfg = Debug|Any CPU
		{D25A4A34-2E87-4EA9-B957-4AAD288EC4B0}.Debug|Any CPU.Build.0 = Debug|Any CPU
		{D25A4A34-2E87-4EA9-B957-4AAD288EC4B0}.Debug|x64.ActiveCfg = Debug|Any CPU
		{D25A4A34-2E87-4EA9-B957-4AAD288EC4B0}.Debug|x64.Build.0 = Debug|Any CPU
		{D25A4A34-2E87-4EA9-B957-4AAD288EC4B0}.Debug|x86.ActiveCfg = Debug|Any CPU
		{D25A4A34-2E87-4EA9-B957-4AAD288EC4B0}.Debug|x86.Build.0 = Debug|Any CPU
		{D25A4A34-2E87-4EA9-B957-4AAD288EC4B0}.Release|Any CPU.ActiveCfg = Release|Any CPU
		{D25A4A34-2E87-4EA9-B957-4AAD288EC4B0}.Release|Any CPU.Build.0 = Release|Any CPU
		{D25A4A34-2E87-4EA9-B957-4AAD288EC4B0}.Release|x64.ActiveCfg = Release|Any CPU
		{D25A4A34-2E87-4EA9-B957-4AAD288EC4B0}.Release|x64.Build.0 = Release|Any CPU
		{D25A4A34-2E87-4EA9-B957-4AAD288EC4B0}.Release|x86.ActiveCfg = Release|Any CPU
		{D25A4A34-2E87-4EA9-B957-4AAD288EC4B0}.Release|x86.Build.0 = Release|Any CPU
		{55CA3AFD-D5AE-4A10-BB05-AA39BBDC80F9}.Debug|Any CPU.ActiveCfg = Debug|Any CPU
		{55CA3AFD-D5AE-4A10-BB05-AA39BBDC80F9}.Debug|Any CPU.Build.0 = Debug|Any CPU
		{55CA3AFD-D5AE-4A10-BB05-AA39BBDC80F9}.Debug|x64.ActiveCfg = Debug|Any CPU
		{55CA3AFD-D5AE-4A10-BB05-AA39BBDC80F9}.Debug|x64.Build.0 = Debug|Any CPU
		{55CA3AFD-D5AE-4A10-BB05-AA39BBDC80F9}.Debug|x86.ActiveCfg = Debug|Any CPU
		{55CA3AFD-D5AE-4A10-BB05-AA39BBDC80F9}.Debug|x86.Build.0 = Debug|Any CPU
		{55CA3AFD-D5AE-4A10-BB05-AA39BBDC80F9}.Release|Any CPU.ActiveCfg = Release|Any CPU
		{55CA3AFD-D5AE-4A10-BB05-AA39BBDC80F9}.Release|Any CPU.Build.0 = Release|Any CPU
		{55CA3AFD-D5AE-4A10-BB05-AA39BBDC80F9}.Release|x64.ActiveCfg = Release|Any CPU
		{55CA3AFD-D5AE-4A10-BB05-AA39BBDC80F9}.Release|x64.Build.0 = Release|Any CPU
		{55CA3AFD-D5AE-4A10-BB05-AA39BBDC80F9}.Release|x86.ActiveCfg = Release|Any CPU
		{55CA3AFD-D5AE-4A10-BB05-AA39BBDC80F9}.Release|x86.Build.0 = Release|Any CPU
	EndGlobalSection
	GlobalSection(SolutionProperties) = preSolution
		HideSolutionNode = FALSE
	EndGlobalSection
	GlobalSection(NestedProjects) = preSolution
		{241C13C8-A5BF-48BA-B838-F4AAEB0C5123} = {0AB3BF05-4346-4AA6-1389-037BE0695223}
		{F47F680A-DF87-4A73-85D8-ACD6905FA95A} = {827E0CD3-B72D-47B6-A68D-7590B98EB39B}
		{9C124D75-3F7B-48AF-B280-4D92B7F7CF53} = {827E0CD3-B72D-47B6-A68D-7590B98EB39B}
		{D06AA05B-EEF6-4D58-A71E-B6EB25E0E34B} = {827E0CD3-B72D-47B6-A68D-7590B98EB39B}
		{36BF425F-D8AB-4C52-99BC-B8125AC2DD4C} = {827E0CD3-B72D-47B6-A68D-7590B98EB39B}
		{02542BA9-8724-4732-8664-C33D26134742} = {827E0CD3-B72D-47B6-A68D-7590B98EB39B}
		{2477F163-AD33-4B82-87B6-5EBDF0EDF4EC} = {827E0CD3-B72D-47B6-A68D-7590B98EB39B}
		{D25A4A34-2E87-4EA9-B957-4AAD288EC4B0} = {827E0CD3-B72D-47B6-A68D-7590B98EB39B}
		{55CA3AFD-D5AE-4A10-BB05-AA39BBDC80F9} = {827E0CD3-B72D-47B6-A68D-7590B98EB39B}
	EndGlobalSection
	GlobalSection(ExtensibilityGlobals) = postSolution
		SolutionGuid = {440459BC-C47C-415E-A21C-B12E5B9F3A91}
	EndGlobalSection
EndGlobal
